github.com/Kambar-ZH/Golang_Onelab v0.1.0 h1:j7nppwIYSDJZMCHgPoNKA7ThaA61loB3CMT7CTiKqB8=
github.com/Kambar-ZH/Golang_Onelab v0.1.0/go.mod h1:fQ/Z5cTnw5kc+/ci2n/zvDUhvjDLaWFIsbVD1eEeD0U=
github.com/Kambar-ZH/Golang_Onelab v1.0.0 h1:862broAZz8ThFU8FoDjym5fmSDanE3JKIfygbNPYE44=
github.com/Kambar-ZH/Golang_Onelab v1.0.0/go.mod h1:fQ/Z5cTnw5kc+/ci2n/zvDUhvjDLaWFIsbVD1eEeD0U=
